
Microsoft Visual Studio Solution File, Format Version 12.00
# Visual Studio Version 17
VisualStudioVersion = 17.7.33711.374
MinimumVisualStudioVersion = 10.0.40219.1
Project("{8BC9CEB8-8B4A-11D0-8D11-00A0C91BC942}") = "MWEdit", "MWEdit.vcxproj", "{36F30622-1511-45A7-8A54-2606724D0A82}"
EndProject
Global
	GlobalSection(SolutionConfigurationPlatforms) = preSolution
		Debug|Win32 = Debug|Win32
		DebugOptimized|Win32 = DebugOptimized|Win32
		Release|Win32 = Release|Win32
	EndGlobalSection
	GlobalSection(ProjectConfigurationPlatforms) = postSolution
		{36F30622-1511-45A7-8A54-2606724D0A82}.Debug|Win32.ActiveCfg = Debug|Win32
		{36F30622-1511-45A7-8A54-2606724D0A82}.Debug|Win32.Build.0 = Debug|Win32
		{36F30622-1511-45A7-8A54-2606724D0A82}.DebugOptimized|Win32.ActiveCfg = DebugOptimized|Win32
		{36F30622-1511-45A7-8A54-2606724D0A82}.DebugOptimized|Win32.Build.0 = DebugOptimized|Win32
		{36F30622-1511-45A7-8A54-2606724D0A82}.Release|Win32.ActiveCfg = Release|Win32
		{36F30622-1511-45A7-8A54-2606724D0A82}.Release|Win32.Build.0 = Release|Win32
	EndGlobalSection
	GlobalSection(SolutionProperties) = preSolution
		HideSolutionNode = FALSE
	EndGlobalSection
	GlobalSection(ExtensibilityGlobals) = postSolution
		SolutionGuid = {96DD1D97-8922-4192-88AA-168F79B284B2}
	EndGlobalSection
EndGlobal
